
Microsoft Visual Studio Solution File, Format Version 12.00
# Visual Studio 15
VisualStudioVersion = 15.0.28010.2003
MinimumVisualStudioVersion = 10.0.40219.1
Project("{FAE04EC0-301F-11D3-BF4B-00C04F79EFBC}") = "Gabriel.Cat.Media", "Gabriel.Cat.Media\Gabriel.Cat.Media.csproj", "{616C2A74-12D0-46BF-A0DE-305049F29B61}"
EndProject
Global
	GlobalSection(SolutionConfigurationPlatforms) = preSolution
		Debug|Any CPU = Debug|Any CPU
		Release|Any CPU = Release|Any CPU
	EndGlobalSection
	GlobalSection(ProjectConfigurationPlatforms) = postSolution
		{616C2A74-12D0-46BF-A0DE-305049F29B61}.Debug|Any CPU.ActiveCfg = Debug|Any CPU
		{616C2A74-12D0-46BF-A0DE-305049F29B61}.Debug|Any CPU.Build.0 = Debug|Any CPU
		{616C2A74-12D0-46BF-A0DE-305049F29B61}.Release|Any CPU.ActiveCfg = Release|Any CPU
		{616C2A74-12D0-46BF-A0DE-305049F29B61}.Release|Any CPU.Build.0 = Release|Any CPU
	EndGlobalSection
	GlobalSection(SolutionProperties) = preSolution
		HideSolutionNode = FALSE
	EndGlobalSection
	GlobalSection(ExtensibilityGlobals) = postSolution
		SolutionGuid = {A8F87EBE-CEAB-45E7-9FFF-1768A5279967}
	EndGlobalSection
EndGlobal
